
Microsoft Visual Studio Solution File, Format Version 12.00
# Visual Studio Version 17
VisualStudioVersion = 17.0.31903.59
MinimumVisualStudioVersion = 10.0.40219.1
Project("{2150E333-8FDC-42A3-9474-1A3956D46DE8}") = "Server", "Server", "{DAD03CFC-D5FA-AC94-41C7-9ABAB326F09E}"
EndProject
Project("{FAE04EC0-301F-11D3-BF4B-00C04F79EFBC}") = "Entities", "Server\Entities\Entities.csproj", "{08805318-28E5-43E1-8842-CBD9B26A71A2}"
EndProject
Project("{FAE04EC0-301F-11D3-BF4B-00C04F79EFBC}") = "Contracts", "Server\Contracts\Contracts.csproj", "{B581A50B-325D-493C-9638-65CF22456519}"
EndProject
Project("{FAE04EC0-301F-11D3-BF4B-00C04F79EFBC}") = "CLI", "Server\CLI\CLI.csproj", "{72384067-5C7E-486B-B182-F34FB229FA83}"
EndProject
Project("{FAE04EC0-301F-11D3-BF4B-00C04F79EFBC}") = "FileRepositories", "Server\FileRepositories\FileRepositories.csproj", "{E9A43BC8-A8D2-4B80-8B34-77A2665ACF65}"
EndProject
Project("{2150E333-8FDC-42A3-9474-1A3956D46DE8}") = "Shared", "Shared", "{4F52FD11-658E-A102-6CD3-7D7C16FFA15B}"
EndProject
Project("{FAE04EC0-301F-11D3-BF4B-00C04F79EFBC}") = "DTOs", "Shared\DTOs\DTOs.csproj", "{3A50AC23-C21A-4A65-9341-C2AD50482BB9}"
EndProject
Project("{FAE04EC0-301F-11D3-BF4B-00C04F79EFBC}") = "WebAPI", "Server\WebAPI\WebAPI.csproj", "{DEC8FEC4-4DE5-4487-A019-B3FFDFBBDFAC}"
EndProject
Project("{2150E333-8FDC-42A3-9474-1A3956D46DE8}") = "Client", "Client", "{2CB42F12-E813-91B3-7D11-3220E40BEF4A}"
EndProject
Project("{FAE04EC0-301F-11D3-BF4B-00C04F79EFBC}") = "BlazorApp", "Client\BlazorApp\BlazorApp.csproj", "{15E2C7EF-9985-4E72-BDFA-9B82ADAB5E49}"
EndProject
Project("{FAE04EC0-301F-11D3-BF4B-00C04F79EFBC}") = "EfcRepositories", "Server\EfcRepositories\EfcRepositories.csproj", "{4F31CD6F-88E2-46EA-B9C7-B2EB766A7452}"
EndProject
Global
	GlobalSection(SolutionConfigurationPlatforms) = preSolution
		Debug|Any CPU = Debug|Any CPU
		Debug|x64 = Debug|x64
		Debug|x86 = Debug|x86
		Release|Any CPU = Release|Any CPU
		Release|x64 = Release|x64
		Release|x86 = Release|x86
	EndGlobalSection
	GlobalSection(ProjectConfigurationPlatforms) = postSolution
		{08805318-28E5-43E1-8842-CBD9B26A71A2}.Debug|Any CPU.ActiveCfg = Debug|Any CPU
		{08805318-28E5-43E1-8842-CBD9B26A71A2}.Debug|Any CPU.Build.0 = Debug|Any CPU
		{08805318-28E5-43E1-8842-CBD9B26A71A2}.Debug|x64.ActiveCfg = Debug|Any CPU
		{08805318-28E5-43E1-8842-CBD9B26A71A2}.Debug|x64.Build.0 = Debug|Any CPU
		{08805318-28E5-43E1-8842-CBD9B26A71A2}.Debug|x86.ActiveCfg = Debug|Any CPU
		{08805318-28E5-43E1-8842-CBD9B26A71A2}.Debug|x86.Build.0 = Debug|Any CPU
		{08805318-28E5-43E1-8842-CBD9B26A71A2}.Release|Any CPU.ActiveCfg = Release|Any CPU
		{08805318-28E5-43E1-8842-CBD9B26A71A2}.Release|Any CPU.Build.0 = Release|Any CPU
		{08805318-28E5-43E1-8842-CBD9B26A71A2}.Release|x64.ActiveCfg = Release|Any CPU
		{08805318-28E5-43E1-8842-CBD9B26A71A2}.Release|x64.Build.0 = Release|Any CPU
		{08805318-28E5-43E1-8842-CBD9B26A71A2}.Release|x86.ActiveCfg = Release|Any CPU
		{08805318-28E5-43E1-8842-CBD9B26A71A2}.Release|x86.Build.0 = Release|Any CPU
		{B581A50B-325D-493C-9638-65CF22456519}.Debug|Any CPU.ActiveCfg = Debug|Any CPU
		{B581A50B-325D-493C-9638-65CF22456519}.Debug|Any CPU.Build.0 = Debug|Any CPU
		{B581A50B-325D-493C-9638-65CF22456519}.Debug|x64.ActiveCfg = Debug|Any CPU
		{B581A50B-325D-493C-9638-65CF22456519}.Debug|x64.Build.0 = Debug|Any CPU
		{B581A50B-325D-493C-9638-65CF22456519}.Debug|x86.ActiveCfg = Debug|Any CPU
		{B581A50B-325D-493C-9638-65CF22456519}.Debug|x86.Build.0 = Debug|Any CPU
		{B581A50B-325D-493C-9638-65CF22456519}.Release|Any CPU.ActiveCfg = Release|Any CPU
		{B581A50B-325D-493C-9638-65CF22456519}.Release|Any CPU.Build.0 = Release|Any CPU
		{B581A50B-325D-493C-9638-65CF22456519}.Release|x64.ActiveCfg = Release|Any CPU
		{B581A50B-325D-493C-9638-65CF22456519}.Release|x64.Build.0 = Release|Any CPU
		{B581A50B-325D-493C-9638-65CF22456519}.Release|x86.ActiveCfg = Release|Any CPU
		{B581A50B-325D-493C-9638-65CF22456519}.Release|x86.Build.0 = Release|Any CPU
		{72384067-5C7E-486B-B182-F34FB229FA83}.Debug|Any CPU.ActiveCfg = Debug|Any CPU
		{72384067-5C7E-486B-B182-F34FB229FA83}.Debug|Any CPU.Build.0 = Debug|Any CPU
		{72384067-5C7E-486B-B182-F34FB229FA83}.Debug|x64.ActiveCfg = Debug|Any CPU
		{72384067-5C7E-486B-B182-F34FB229FA83}.Debug|x64.Build.0 = Debug|Any CPU
		{72384067-5C7E-486B-B182-F34FB229FA83}.Debug|x86.ActiveCfg = Debug|Any CPU
		{72384067-5C7E-486B-B182-F34FB229FA83}.Debug|x86.Build.0 = Debug|Any CPU
		{72384067-5C7E-486B-B182-F34FB229FA83}.Release|Any CPU.ActiveCfg = Release|Any CPU
		{72384067-5C7E-486B-B182-F34FB229FA83}.Release|Any CPU.Build.0 = Release|Any CPU
		{72384067-5C7E-486B-B182-F34FB229FA83}.Release|x64.ActiveCfg = Release|Any CPU
		{72384067-5C7E-486B-B182-F34FB229FA83}.Release|x64.Build.0 = Release|Any CPU
		{72384067-5C7E-486B-B182-F34FB229FA83}.Release|x86.ActiveCfg = Release|Any CPU
		{72384067-5C7E-486B-B182-F34FB229FA83}.Release|x86.Build.0 = Release|Any CPU
		{E9A43BC8-A8D2-4B80-8B34-77A2665ACF65}.Debug|Any CPU.ActiveCfg = Debug|Any CPU
		{E9A43BC8-A8D2-4B80-8B34-77A2665ACF65}.Debug|Any CPU.Build.0 = Debug|Any CPU
		{E9A43BC8-A8D2-4B80-8B34-77A2665ACF65}.Debug|x64.ActiveCfg = Debug|Any CPU
		{E9A43BC8-A8D2-4B80-8B34-77A2665ACF65}.Debug|x64.Build.0 = Debug|Any CPU
		{E9A43BC8-A8D2-4B80-8B34-77A2665ACF65}.Debug|x86.ActiveCfg = Debug|Any CPU
		{E9A43BC8-A8D2-4B80-8B34-77A2665ACF65}.Debug|x86.Build.0 = Debug|Any CPU
		{E9A43BC8-A8D2-4B80-8B34-77A2665ACF65}.Release|Any CPU.ActiveCfg = Release|Any CPU
		{E9A43BC8-A8D2-4B80-8B34-77A2665ACF65}.Release|Any CPU.Build.0 = Release|Any CPU
		{E9A43BC8-A8D2-4B80-8B34-77A2665ACF65}.Release|x64.ActiveCfg = Release|Any CPU
		{E9A43BC8-A8D2-4B80-8B34-77A2665ACF65}.Release|x64.Build.0 = Release|Any CPU
		{E9A43BC8-A8D2-4B80-8B34-77A2665ACF65}.Release|x86.ActiveCfg = Release|Any CPU
		{E9A43BC8-A8D2-4B80-8B34-77A2665ACF65}.Release|x86.Build.0 = Release|Any CPU
		{3A50AC23-C21A-4A65-9341-C2AD50482BB9}.Debug|Any CPU.ActiveCfg = Debug|Any CPU
		{3A50AC23-C21A-4A65-9341-C2AD50482BB9}.Debug|Any CPU.Build.0 = Debug|Any CPU
		{3A50AC23-C21A-4A65-9341-C2AD50482BB9}.Debug|x64.ActiveCfg = Debug|Any CPU
		{3A50AC23-C21A-4A65-9341-C2AD50482BB9}.Debug|x64.Build.0 = Debug|Any CPU
		{3A50AC23-C21A-4A65-9341-C2AD50482BB9}.Debug|x86.ActiveCfg = Debug|Any CPU
		{3A50AC23-C21A-4A65-9341-C2AD50482BB9}.Debug|x86.Build.0 = Debug|Any CPU
		{3A50AC23-C21A-4A65-9341-C2AD50482BB9}.Release|Any CPU.ActiveCfg = Release|Any CPU
		{3A50AC23-C21A-4A65-9341-C2AD50482BB9}.Release|Any CPU.Build.0 = Release|Any CPU
		{3A50AC23-C21A-4A65-9341-C2AD50482BB9}.Release|x64.ActiveCfg = Release|Any CPU
		{3A50AC23-C21A-4A65-9341-C2AD50482BB9}.Release|x64.Build.0 = Release|Any CPU
		{3A50AC23-C21A-4A65-9341-C2AD50482BB9}.Release|x86.ActiveCfg = Release|Any CPU
		{3A50AC23-C21A-4A65-9341-C2AD50482BB9}.Release|x86.Build.0 = Release|Any CPU
		{DEC8FEC4-4DE5-4487-A019-B3FFDFBBDFAC}.Debug|Any CPU.ActiveCfg = Debug|Any CPU
		{DEC8FEC4-4DE5-4487-A019-B3FFDFBBDFAC}.Debug|Any CPU.Build.0 = Debug|Any CPU
		{DEC8FEC4-4DE5-4487-A019-B3FFDFBBDFAC}.Debug|x64.ActiveCfg = Debug|Any CPU
		{DEC8FEC4-4DE5-4487-A019-B3FFDFBBDFAC}.Debug|x64.Build.0 = Debug|Any CPU
		{DEC8FEC4-4DE5-4487-A019-B3FFDFBBDFAC}.Debug|x86.ActiveCfg = Debug|Any CPU
		{DEC8FEC4-4DE5-4487-A019-B3FFDFBBDFAC}.Debug|x86.Build.0 = Debug|Any CPU
		{DEC8FEC4-4DE5-4487-A019-B3FFDFBBDFAC}.Release|Any CPU.ActiveCfg = Release|Any CPU
		{DEC8FEC4-4DE5-4487-A019-B3FFDFBBDFAC}.Release|Any CPU.Build.0 = Release|Any CPU
		{DEC8FEC4-4DE5-4487-A019-B3FFDFBBDFAC}.Release|x64.ActiveCfg = Release|Any CPU
		{DEC8FEC4-4DE5-4487-A019-B3FFDFBBDFAC}.Release|x64.Build.0 = Release|Any CPU
		{DEC8FEC4-4DE5-4487-A019-B3FFDFBBDFAC}.Release|x86.ActiveCfg = Release|Any CPU
		{DEC8FEC4-4DE5-4487-A019-B3FFDFBBDFAC}.Release|x86.Build.0 = Release|Any CPU
		{15E2C7EF-9985-4E72-BDFA-9B82ADAB5E49}.Debug|Any CPU.ActiveCfg = Debug|Any CPU
		{15E2C7EF-9985-4E72-BDFA-9B82ADAB5E49}.Debug|Any CPU.Build.0 = Debug|Any CPU
		{15E2C7EF-9985-4E72-BDFA-9B82ADAB5E49}.Debug|x64.ActiveCfg = Debug|Any CPU
		{15E2C7EF-9985-4E72-BDFA-9B82ADAB5E49}.Debug|x64.Build.0 = Debug|Any CPU
		{15E2C7EF-9985-4E72-BDFA-9B82ADAB5E49}.Debug|x86.ActiveCfg = Debug|Any CPU
		{15E2C7EF-9985-4E72-BDFA-9B82ADAB5E49}.Debug|x86.Build.0 = Debug|Any CPU
		{15E2C7EF-9985-4E72-BDFA-9B82ADAB5E49}.Release|Any CPU.ActiveCfg = Release|Any CPU
		{15E2C7EF-9985-4E72-BDFA-9B82ADAB5E49}.Release|Any CPU.Build.0 = Release|Any CPU
		{15E2C7EF-9985-4E72-BDFA-9B82ADAB5E49}.Release|x64.ActiveCfg = Release|Any CPU
		{15E2C7EF-9985-4E72-BDFA-9B82ADAB5E49}.Release|x64.Build.0 = Release|Any CPU
		{15E2C7EF-9985-4E72-BDFA-9B82ADAB5E49}.Release|x86.ActiveCfg = Release|Any CPU
		{15E2C7EF-9985-4E72-BDFA-9B82ADAB5E49}.Release|x86.Build.0 = Release|Any CPU
		{4F31CD6F-88E2-46EA-B9C7-B2EB766A7452}.Debug|Any CPU.ActiveCfg = Debug|Any CPU
		{4F31CD6F-88E2-46EA-B9C7-B2EB766A7452}.Debug|Any CPU.Build.0 = Debug|Any CPU
		{4F31CD6F-88E2-46EA-B9C7-B2EB766A7452}.Debug|x64.ActiveCfg = Debug|Any CPU
		{4F31CD6F-88E2-46EA-B9C7-B2EB766A7452}.Debug|x64.Build.0 = Debug|Any CPU
		{4F31CD6F-88E2-46EA-B9C7-B2EB766A7452}.Debug|x86.ActiveCfg = Debug|Any CPU
		{4F31CD6F-88E2-46EA-B9C7-B2EB766A7452}.Debug|x86.Build.0 = Debug|Any CPU
		{4F31CD6F-88E2-46EA-B9C7-B2EB766A7452}.Release|Any CPU.ActiveCfg = Release|Any CPU
		{4F31CD6F-88E2-46EA-B9C7-B2EB766A7452}.Release|Any CPU.Build.0 = Release|Any CPU
		{4F31CD6F-88E2-46EA-B9C7-B2EB766A7452}.Release|x64.ActiveCfg = Release|Any CPU
		{4F31CD6F-88E2-46EA-B9C7-B2EB766A7452}.Release|x64.Build.0 = Release|Any CPU
		{4F31CD6F-88E2-46EA-B9C7-B2EB766A7452}.Release|x86.ActiveCfg = Release|Any CPU
		{4F31CD6F-88E2-46EA-B9C7-B2EB766A7452}.Release|x86.Build.0 = Release|Any CPU
	EndGlobalSection
	GlobalSection(SolutionProperties) = preSolution
		HideSolutionNode = FALSE
	EndGlobalSection
	GlobalSection(NestedProjects) = preSolution
		{08805318-28E5-43E1-8842-CBD9B26A71A2} = {DAD03CFC-D5FA-AC94-41C7-9ABAB326F09E}
		{B581A50B-325D-493C-9638-65CF22456519} = {DAD03CFC-D5FA-AC94-41C7-9ABAB326F09E}
		{72384067-5C7E-486B-B182-F34FB229FA83} = {DAD03CFC-D5FA-AC94-41C7-9ABAB326F09E}
		{E9A43BC8-A8D2-4B80-8B34-77A2665ACF65} = {DAD03CFC-D5FA-AC94-41C7-9ABAB326F09E}
		{3A50AC23-C21A-4A65-9341-C2AD50482BB9} = {4F52FD11-658E-A102-6CD3-7D7C16FFA15B}
		{DEC8FEC4-4DE5-4487-A019-B3FFDFBBDFAC} = {DAD03CFC-D5FA-AC94-41C7-9ABAB326F09E}
		{15E2C7EF-9985-4E72-BDFA-9B82ADAB5E49} = {2CB42F12-E813-91B3-7D11-3220E40BEF4A}
		{4F31CD6F-88E2-46EA-B9C7-B2EB766A7452} = {DAD03CFC-D5FA-AC94-41C7-9ABAB326F09E}
	EndGlobalSection
EndGlobal
